
Microsoft Visual Studio Solution File, Format Version 12.00
# Visual Studio Version 17
VisualStudioVersion = 17.4.33213.308
MinimumVisualStudioVersion = 10.0.40219.1
Project("{FAE04EC0-301F-11D3-BF4B-00C04F79EFBC}") = "CalculadoraAritmetica", "CalculadoraAritmetica\CalculadoraAritmetica.csproj", "{BBF10F90-34D2-44A0-80C4-BE7E1B568119}"
EndProject
Global
	GlobalSection(SolutionConfigurationPlatforms) = preSolution
		Debug|Any CPU = Debug|Any CPU
		Release|Any CPU = Release|Any CPU
	EndGlobalSection
	GlobalSection(ProjectConfigurationPlatforms) = postSolution
		{BBF10F90-34D2-44A0-80C4-BE7E1B568119}.Debug|Any CPU.ActiveCfg = Debug|Any CPU
		{BBF10F90-34D2-44A0-80C4-BE7E1B568119}.Debug|Any CPU.Build.0 = Debug|Any CPU
		{BBF10F90-34D2-44A0-80C4-BE7E1B568119}.Release|Any CPU.ActiveCfg = Release|Any CPU
		{BBF10F90-34D2-44A0-80C4-BE7E1B568119}.Release|Any CPU.Build.0 = Release|Any CPU
	EndGlobalSection
	GlobalSection(SolutionProperties) = preSolution
		HideSolutionNode = FALSE
	EndGlobalSection
	GlobalSection(ExtensibilityGlobals) = postSolution
		SolutionGuid = {6877194A-8DC0-4C20-BC97-4966960C6822}
	EndGlobalSection
EndGlobal
